github.com/go-zookeeper/zk v1.0.3 h1:7M2kwOsc//9VeeFiPtf+uSJlVpU66x9Ba5+8XK7/TDg=
github.com/go-zookeeper/zk v1.0.3/go.mod h1:nOB03cncLtlp4t+UAkGSV+9beXP/akpekBwL+UX1Qcw=
github.com/google/uuid v1.3.1 h1:KjJaJ9iWZ3jOFZIf1Lqf4laDRCasjl0BCmnEGxkdLb4=
github.com/google/uuid v1.3.1/go.mod h1:TIyPZe4MgqvfeYDBFedMoGGpEw/LqOeaOT+nhxU+yHo=
